
Microsoft Visual Studio Solution File, Format Version 12.00
# Visual Studio Version 17
VisualStudioVersion = 17.4.33213.308
MinimumVisualStudioVersion = 10.0.40219.1
Project("{FAE04EC0-301F-11D3-BF4B-00C04F79EFBC}") = "L1_WGKM_1279121", "L1_WGKM_1279121\L1_WGKM_1279121.csproj", "{78CF039C-5ADF-41F9-BC7B-91F312E0BCB2}"
EndProject
Global
	GlobalSection(SolutionConfigurationPlatforms) = preSolution
		Debug|Any CPU = Debug|Any CPU
		Release|Any CPU = Release|Any CPU
	EndGlobalSection
	GlobalSection(ProjectConfigurationPlatforms) = postSolution
		{78CF039C-5ADF-41F9-BC7B-91F312E0BCB2}.Debug|Any CPU.ActiveCfg = Debug|Any CPU
		{78CF039C-5ADF-41F9-BC7B-91F312E0BCB2}.Debug|Any CPU.Build.0 = Debug|Any CPU
		{78CF039C-5ADF-41F9-BC7B-91F312E0BCB2}.Release|Any CPU.ActiveCfg = Release|Any CPU
		{78CF039C-5ADF-41F9-BC7B-91F312E0BCB2}.Release|Any CPU.Build.0 = Release|Any CPU
	EndGlobalSection
	GlobalSection(SolutionProperties) = preSolution
		HideSolutionNode = FALSE
	EndGlobalSection
	GlobalSection(ExtensibilityGlobals) = postSolution
		SolutionGuid = {7EB3A545-2563-46E5-B589-0C2E4E97773B}
	EndGlobalSection
EndGlobal
